
Microsoft Visual Studio Solution File, Format Version 12.00
# Visual Studio 15
VisualStudioVersion = 15.0.28010.2016
MinimumVisualStudioVersion = 10.0.40219.1
Project("{FAE04EC0-301F-11D3-BF4B-00C04F79EFBC}") = "KK_QuickAccessBox", "KK_QuickAccessBox\KK_QuickAccessBox.csproj", "{8F2D7D14-BF8A-40C2-8187-48480508D5C9}"
EndProject
Global
	GlobalSection(SolutionConfigurationPlatforms) = preSolution
		Debug|Any CPU = Debug|Any CPU
		Release|Any CPU = Release|Any CPU
	EndGlobalSection
	GlobalSection(ProjectConfigurationPlatforms) = postSolution
		{8F2D7D14-BF8A-40C2-8187-48480508D5C9}.Debug|Any CPU.ActiveCfg = Debug|Any CPU
		{8F2D7D14-BF8A-40C2-8187-48480508D5C9}.Debug|Any CPU.Build.0 = Debug|Any CPU
		{8F2D7D14-BF8A-40C2-8187-48480508D5C9}.Release|Any CPU.ActiveCfg = Release|Any CPU
		{8F2D7D14-BF8A-40C2-8187-48480508D5C9}.Release|Any CPU.Build.0 = Release|Any CPU
	EndGlobalSection
	GlobalSection(SolutionProperties) = preSolution
		HideSolutionNode = FALSE
	EndGlobalSection
	GlobalSection(ExtensibilityGlobals) = postSolution
		SolutionGuid = {59278A08-215A-4008-88C2-4214D956A7CB}
	EndGlobalSection
EndGlobal
