
Microsoft Visual Studio Solution File, Format Version 12.00
# Visual Studio 15
VisualStudioVersion = 15.0.28010.2016
MinimumVisualStudioVersion = 10.0.40219.1
Project("{FAE04EC0-301F-11D3-BF4B-00C04F79EFBC}") = "KK_QuickAccessBox", "KK_QuickAccessBox\KK_QuickAccessBox.csproj", "{8F2D7D14-BF8A-40C2-8187-48480508D5C9}"
EndProject
Project("{FAE04EC0-301F-11D3-BF4B-00C04F79EFBC}") = "AI_QuickAccessBox", "AI_QuickAccessBox\AI_QuickAccessBox.csproj", "{53899808-1333-4671-B0BE-0338CC0781B8}"
EndProject
Project("{D954291E-2A0B-460D-934E-DC6B0785DB48}") = "Shared_QuickAccessBox", "Shared_QuickAccessBox\Shared_QuickAccessBox.shproj", "{CF7C11E6-CED8-4BF3-9885-3F127E83389B}"
EndProject
Global
	GlobalSection(SharedMSBuildProjectFiles) = preSolution
		Shared_QuickAccessBox\Shared_QuickAccessBox.projitems*{53899808-1333-4671-b0be-0338cc0781b8}*SharedItemsImports = 4
		Shared_QuickAccessBox\Shared_QuickAccessBox.projitems*{8f2d7d14-bf8a-40c2-8187-48480508d5c9}*SharedItemsImports = 4
		Shared_QuickAccessBox\Shared_QuickAccessBox.projitems*{cf7c11e6-ced8-4bf3-9885-3f127e83389b}*SharedItemsImports = 13
	EndGlobalSection
	GlobalSection(SolutionConfigurationPlatforms) = preSolution
		Debug|Any CPU = Debug|Any CPU
		Release|Any CPU = Release|Any CPU
	EndGlobalSection
	GlobalSection(ProjectConfigurationPlatforms) = postSolution
		{8F2D7D14-BF8A-40C2-8187-48480508D5C9}.Debug|Any CPU.ActiveCfg = Debug|Any CPU
		{8F2D7D14-BF8A-40C2-8187-48480508D5C9}.Debug|Any CPU.Build.0 = Debug|Any CPU
		{8F2D7D14-BF8A-40C2-8187-48480508D5C9}.Release|Any CPU.ActiveCfg = Release|Any CPU
		{8F2D7D14-BF8A-40C2-8187-48480508D5C9}.Release|Any CPU.Build.0 = Release|Any CPU
		{53899808-1333-4671-B0BE-0338CC0781B8}.Debug|Any CPU.ActiveCfg = Debug|Any CPU
		{53899808-1333-4671-B0BE-0338CC0781B8}.Debug|Any CPU.Build.0 = Debug|Any CPU
		{53899808-1333-4671-B0BE-0338CC0781B8}.Release|Any CPU.ActiveCfg = Release|Any CPU
		{53899808-1333-4671-B0BE-0338CC0781B8}.Release|Any CPU.Build.0 = Release|Any CPU
	EndGlobalSection
	GlobalSection(SolutionProperties) = preSolution
		HideSolutionNode = FALSE
	EndGlobalSection
	GlobalSection(ExtensibilityGlobals) = postSolution
		SolutionGuid = {59278A08-215A-4008-88C2-4214D956A7CB}
	EndGlobalSection
EndGlobal
