
Microsoft Visual Studio Solution File, Format Version 12.00
# Visual Studio Version 16
VisualStudioVersion = 16.0.30104.148
MinimumVisualStudioVersion = 10.0.40219.1
Project("{FAE04EC0-301F-11D3-BF4B-00C04F79EFBC}") = "KK_QuickAccessBox", "KK_QuickAccessBox\KK_QuickAccessBox.csproj", "{8F2D7D14-BF8A-40C2-8187-48480508D5C9}"
EndProject
Project("{FAE04EC0-301F-11D3-BF4B-00C04F79EFBC}") = "AI_QuickAccessBox", "AI_QuickAccessBox\AI_QuickAccessBox.csproj", "{53899808-1333-4671-B0BE-0338CC0781B8}"
EndProject
Project("{D954291E-2A0B-460D-934E-DC6B0785DB48}") = "Shared_QuickAccessBox", "Shared_QuickAccessBox\Shared_QuickAccessBox.shproj", "{CF7C11E6-CED8-4BF3-9885-3F127E83389B}"
EndProject
Project("{FAE04EC0-301F-11D3-BF4B-00C04F79EFBC}") = "HS2_QuickAccessBox", "HS2_QuickAccessBox\HS2_QuickAccessBox.csproj", "{53F32772-4312-4FE1-BE0D-2BBF00FDF903}"
EndProject
Project("{FAE04EC0-301F-11D3-BF4B-00C04F79EFBC}") = "KKS_QuickAccessBox", "KKS_QuickAccessBox\KKS_QuickAccessBox.csproj", "{E4810879-FCD1-4DDC-BD48-D13FB9D3EFB1}"
EndProject
Project("{D954291E-2A0B-460D-934E-DC6B0785DB48}") = "Shared_KKalike", "Shared_KKalike\Shared_KKalike.shproj", "{EAF0DE8E-C2D9-4612-BA76-7B1A0C77DC16}"
EndProject
Project("{D954291E-2A0B-460D-934E-DC6B0785DB48}") = "Shared_AIalike", "Shared_AIalike\Shared_AIalike.shproj", "{CCF0938D-6C1B-409F-A9B9-E5CFD95B017F}"
EndProject
Global
	GlobalSection(SharedMSBuildProjectFiles) = preSolution
		Shared_AIalike\Shared_AIalike.projitems*{53899808-1333-4671-b0be-0338cc0781b8}*SharedItemsImports = 4
		Shared_QuickAccessBox\Shared_QuickAccessBox.projitems*{53899808-1333-4671-b0be-0338cc0781b8}*SharedItemsImports = 4
		Shared_AIalike\Shared_AIalike.projitems*{53f32772-4312-4fe1-be0d-2bbf00fdf903}*SharedItemsImports = 4
		Shared_QuickAccessBox\Shared_QuickAccessBox.projitems*{53f32772-4312-4fe1-be0d-2bbf00fdf903}*SharedItemsImports = 4
		Shared_KKalike\Shared_KKalike.projitems*{8f2d7d14-bf8a-40c2-8187-48480508d5c9}*SharedItemsImports = 4
		Shared_QuickAccessBox\Shared_QuickAccessBox.projitems*{8f2d7d14-bf8a-40c2-8187-48480508d5c9}*SharedItemsImports = 4
		Shared_AIalike\Shared_AIalike.projitems*{ccf0938d-6c1b-409f-a9b9-e5cfd95b017f}*SharedItemsImports = 13
		Shared_QuickAccessBox\Shared_QuickAccessBox.projitems*{cf7c11e6-ced8-4bf3-9885-3f127e83389b}*SharedItemsImports = 13
		Shared_KKalike\Shared_KKalike.projitems*{e4810879-fcd1-4ddc-bd48-d13fb9d3efb1}*SharedItemsImports = 4
		Shared_QuickAccessBox\Shared_QuickAccessBox.projitems*{e4810879-fcd1-4ddc-bd48-d13fb9d3efb1}*SharedItemsImports = 4
		Shared_KKalike\Shared_KKalike.projitems*{eaf0de8e-c2d9-4612-ba76-7b1a0c77dc16}*SharedItemsImports = 13
	EndGlobalSection
	GlobalSection(SolutionConfigurationPlatforms) = preSolution
		Debug|Any CPU = Debug|Any CPU
		Release|Any CPU = Release|Any CPU
	EndGlobalSection
	GlobalSection(ProjectConfigurationPlatforms) = postSolution
		{8F2D7D14-BF8A-40C2-8187-48480508D5C9}.Debug|Any CPU.ActiveCfg = Debug|Any CPU
		{8F2D7D14-BF8A-40C2-8187-48480508D5C9}.Debug|Any CPU.Build.0 = Debug|Any CPU
		{8F2D7D14-BF8A-40C2-8187-48480508D5C9}.Release|Any CPU.ActiveCfg = Release|Any CPU
		{8F2D7D14-BF8A-40C2-8187-48480508D5C9}.Release|Any CPU.Build.0 = Release|Any CPU
		{53899808-1333-4671-B0BE-0338CC0781B8}.Debug|Any CPU.ActiveCfg = Debug|Any CPU
		{53899808-1333-4671-B0BE-0338CC0781B8}.Debug|Any CPU.Build.0 = Debug|Any CPU
		{53899808-1333-4671-B0BE-0338CC0781B8}.Release|Any CPU.ActiveCfg = Release|Any CPU
		{53899808-1333-4671-B0BE-0338CC0781B8}.Release|Any CPU.Build.0 = Release|Any CPU
		{53F32772-4312-4FE1-BE0D-2BBF00FDF903}.Debug|Any CPU.ActiveCfg = Debug|Any CPU
		{53F32772-4312-4FE1-BE0D-2BBF00FDF903}.Debug|Any CPU.Build.0 = Debug|Any CPU
		{53F32772-4312-4FE1-BE0D-2BBF00FDF903}.Release|Any CPU.ActiveCfg = Release|Any CPU
		{53F32772-4312-4FE1-BE0D-2BBF00FDF903}.Release|Any CPU.Build.0 = Release|Any CPU
		{E4810879-FCD1-4DDC-BD48-D13FB9D3EFB1}.Debug|Any CPU.ActiveCfg = Debug|Any CPU
		{E4810879-FCD1-4DDC-BD48-D13FB9D3EFB1}.Debug|Any CPU.Build.0 = Debug|Any CPU
		{E4810879-FCD1-4DDC-BD48-D13FB9D3EFB1}.Release|Any CPU.ActiveCfg = Release|Any CPU
		{E4810879-FCD1-4DDC-BD48-D13FB9D3EFB1}.Release|Any CPU.Build.0 = Release|Any CPU
	EndGlobalSection
	GlobalSection(SolutionProperties) = preSolution
		HideSolutionNode = FALSE
	EndGlobalSection
	GlobalSection(ExtensibilityGlobals) = postSolution
		SolutionGuid = {59278A08-215A-4008-88C2-4214D956A7CB}
	EndGlobalSection
EndGlobal
