
Microsoft Visual Studio Solution File, Format Version 12.00
# Visual Studio 15
Project("{FAE04EC0-301F-11D3-BF4B-00C04F79EFBC}") = "Unity_project.Editor", "Unity_project.Editor.csproj", "{55BC2A18-34A2-3EE8-B555-1F24EC440375}"
EndProject
Global
	GlobalSection(SolutionConfigurationPlatforms) = preSolution
		Debug|Any CPU = Debug|Any CPU
		Release|Any CPU = Release|Any CPU
	EndGlobalSection
	GlobalSection(ProjectConfigurationPlatforms) = postSolution
		{55BC2A18-34A2-3EE8-B555-1F24EC440375}.Debug|Any CPU.ActiveCfg = Debug|Any CPU
		{55BC2A18-34A2-3EE8-B555-1F24EC440375}.Debug|Any CPU.Build.0 = Debug|Any CPU
		{55BC2A18-34A2-3EE8-B555-1F24EC440375}.Release|Any CPU.ActiveCfg = Release|Any CPU
		{55BC2A18-34A2-3EE8-B555-1F24EC440375}.Release|Any CPU.Build.0 = Release|Any CPU
	EndGlobalSection
	GlobalSection(SolutionProperties) = preSolution
		HideSolutionNode = FALSE
	EndGlobalSection
EndGlobal
